
Microsoft Visual Studio Solution File, Format Version 12.00
# Visual Studio 15
VisualStudioVersion = 15.0.28307.1022
MinimumVisualStudioVersion = 10.0.40219.1
Project("{FAE04EC0-301F-11D3-BF4B-00C04F79EFBC}") = "Server", "Server\Server.csproj", "{1D55CCF8-003A-4A23-865B-AD0DF602DCAE}"
EndProject
Project("{FAE04EC0-301F-11D3-BF4B-00C04F79EFBC}") = "Protocol", "Protocol\Protocol.csproj", "{CCFA90EC-F1C7-4B53-A7B4-6718FBD3F45D}"
EndProject
Global
	GlobalSection(SolutionConfigurationPlatforms) = preSolution
		Debug|Any CPU = Debug|Any CPU
		Release|Any CPU = Release|Any CPU
	EndGlobalSection
	GlobalSection(ProjectConfigurationPlatforms) = postSolution
		{1D55CCF8-003A-4A23-865B-AD0DF602DCAE}.Debug|Any CPU.ActiveCfg = Debug|Any CPU
		{1D55CCF8-003A-4A23-865B-AD0DF602DCAE}.Debug|Any CPU.Build.0 = Debug|Any CPU
		{1D55CCF8-003A-4A23-865B-AD0DF602DCAE}.Release|Any CPU.ActiveCfg = Release|Any CPU
		{1D55CCF8-003A-4A23-865B-AD0DF602DCAE}.Release|Any CPU.Build.0 = Release|Any CPU
		{CCFA90EC-F1C7-4B53-A7B4-6718FBD3F45D}.Debug|Any CPU.ActiveCfg = Debug|Any CPU
		{CCFA90EC-F1C7-4B53-A7B4-6718FBD3F45D}.Debug|Any CPU.Build.0 = Debug|Any CPU
		{CCFA90EC-F1C7-4B53-A7B4-6718FBD3F45D}.Release|Any CPU.ActiveCfg = Release|Any CPU
		{CCFA90EC-F1C7-4B53-A7B4-6718FBD3F45D}.Release|Any CPU.Build.0 = Release|Any CPU
	EndGlobalSection
	GlobalSection(SolutionProperties) = preSolution
		HideSolutionNode = FALSE
	EndGlobalSection
	GlobalSection(ExtensibilityGlobals) = postSolution
		SolutionGuid = {683878BB-B48A-4179-A320-096DD949162D}
	EndGlobalSection
EndGlobal
